// !$*UTF8*$!
{
	archiveVersion = 1;
	classes = {
	};
	objectVersion = 56;
	objects = {

/* Begin PBXBuildFile section */
		12E864ABE44171F3232BED81 /* Pods_Movie.framework in Frameworks */ = {isa = PBXBuildFile; fileRef = 070D052F43A36DC25B564E5F /* Pods_Movie.framework */; };
		7B0CB4E22B08135B00AD082D /* Detail.storyboard in Resources */ = {isa = PBXBuildFile; fileRef = 7B0CB4E12B08135B00AD082D /* Detail.storyboard */; };
		7B1A58462B16906200244764 /* DetailTopModel.swift in Sources */ = {isa = PBXBuildFile; fileRef = 7B1A58452B16906200244764 /* DetailTopModel.swift */; };
		7B4831362AF3CEA5004E855D /* AppDelegate.swift in Sources */ = {isa = PBXBuildFile; fileRef = 7B4831352AF3CEA5004E855D /* AppDelegate.swift */; };
		7B48313A2AF3CEA5004E855D /* ViewController.swift in Sources */ = {isa = PBXBuildFile; fileRef = 7B4831392AF3CEA5004E855D /* ViewController.swift */; };
		7B48313D2AF3CEA5004E855D /* Main.storyboard in Resources */ = {isa = PBXBuildFile; fileRef = 7B48313B2AF3CEA5004E855D /* Main.storyboard */; };
		7B4831402AF3CEA5004E855D /* Movie.xcdatamodeld in Sources */ = {isa = PBXBuildFile; fileRef = 7B48313E2AF3CEA5004E855D /* Movie.xcdatamodeld */; };
		7B4831422AF3CEA8004E855D /* Assets.xcassets in Resources */ = {isa = PBXBuildFile; fileRef = 7B4831412AF3CEA8004E855D /* Assets.xcassets */; };
		7B4831452AF3CEA8004E855D /* LaunchScreen.storyboard in Resources */ = {isa = PBXBuildFile; fileRef = 7B4831432AF3CEA8004E855D /* LaunchScreen.storyboard */; };
		7B4831502AF3CEA8004E855D /* MovieTests.swift in Sources */ = {isa = PBXBuildFile; fileRef = 7B48314F2AF3CEA8004E855D /* MovieTests.swift */; };
		7B48315A2AF3CEA8004E855D /* MovieUITests.swift in Sources */ = {isa = PBXBuildFile; fileRef = 7B4831592AF3CEA8004E855D /* MovieUITests.swift */; };
		7B48315C2AF3CEA8004E855D /* MovieUITestsLaunchTests.swift in Sources */ = {isa = PBXBuildFile; fileRef = 7B48315B2AF3CEA8004E855D /* MovieUITestsLaunchTests.swift */; };
		7B4831722AF3D79E004E855D /* MovieTopRatedCollectionViewCell.swift in Sources */ = {isa = PBXBuildFile; fileRef = 7B4831702AF3D79E004E855D /* MovieTopRatedCollectionViewCell.swift */; };
		7B4831732AF3D79E004E855D /* MovieTopRatedCollectionViewCell.xib in Resources */ = {isa = PBXBuildFile; fileRef = 7B4831712AF3D79E004E855D /* MovieTopRatedCollectionViewCell.xib */; };
		7B4831752AF3E495004E855D /* TopViewModel.swift in Sources */ = {isa = PBXBuildFile; fileRef = 7B4831742AF3E495004E855D /* TopViewModel.swift */; };
		7B4831782AF3E512004E855D /* NetworkManager.swift in Sources */ = {isa = PBXBuildFile; fileRef = 7B4831772AF3E512004E855D /* NetworkManager.swift */; };
		7B48317A2AF3E614004E855D /* TopModel.swift in Sources */ = {isa = PBXBuildFile; fileRef = 7B4831792AF3E614004E855D /* TopModel.swift */; };
		7BC58A672B02CD0D0041F2E7 /* DetailVC.swift in Sources */ = {isa = PBXBuildFile; fileRef = 7BC58A662B02CD0C0041F2E7 /* DetailVC.swift */; };
/* End PBXBuildFile section */

/* Begin PBXContainerItemProxy section */
		7B48314C2AF3CEA8004E855D /* PBXContainerItemProxy */ = {
			isa = PBXContainerItemProxy;
			containerPortal = 7B48312A2AF3CEA5004E855D /* Project object */;
			proxyType = 1;
			remoteGlobalIDString = 7B4831312AF3CEA5004E855D;
			remoteInfo = Movie;
		};
		7B4831562AF3CEA8004E855D /* PBXContainerItemProxy */ = {
			isa = PBXContainerItemProxy;
			containerPortal = 7B48312A2AF3CEA5004E855D /* Project object */;
			proxyType = 1;
			remoteGlobalIDString = 7B4831312AF3CEA5004E855D;
			remoteInfo = Movie;
		};
/* End PBXContainerItemProxy section */

/* Begin PBXFileReference section */
		070D052F43A36DC25B564E5F /* Pods_Movie.framework */ = {isa = PBXFileReference; explicitFileType = wrapper.framework; includeInIndex = 0; path = Pods_Movie.framework; sourceTree = BUILT_PRODUCTS_DIR; };
		7B0CB4E12B08135B00AD082D /* Detail.storyboard */ = {isa = PBXFileReference; lastKnownFileType = file.storyboard; path = Detail.storyboard; sourceTree = "<group>"; };
		7B1A58452B16906200244764 /* DetailTopModel.swift */ = {isa = PBXFileReference; lastKnownFileType = sourcecode.swift; path = DetailTopModel.swift; sourceTree = "<group>"; };
		7B4831322AF3CEA5004E855D /* Movie.app */ = {isa = PBXFileReference; explicitFileType = wrapper.application; includeInIndex = 0; path = Movie.app; sourceTree = BUILT_PRODUCTS_DIR; };
		7B4831352AF3CEA5004E855D /* AppDelegate.swift */ = {isa = PBXFileReference; lastKnownFileType = sourcecode.swift; path = AppDelegate.swift; sourceTree = "<group>"; };
		7B4831392AF3CEA5004E855D /* ViewController.swift */ = {isa = PBXFileReference; lastKnownFileType = sourcecode.swift; path = ViewController.swift; sourceTree = "<group>"; };
		7B48313C2AF3CEA5004E855D /* Base */ = {isa = PBXFileReference; lastKnownFileType = file.storyboard; name = Base; path = Base.lproj/Main.storyboard; sourceTree = "<group>"; };
		7B48313F2AF3CEA5004E855D /* Movie.xcdatamodel */ = {isa = PBXFileReference; lastKnownFileType = wrapper.xcdatamodel; path = Movie.xcdatamodel; sourceTree = "<group>"; };
		7B4831412AF3CEA8004E855D /* Assets.xcassets */ = {isa = PBXFileReference; lastKnownFileType = folder.assetcatalog; path = Assets.xcassets; sourceTree = "<group>"; };
		7B4831442AF3CEA8004E855D /* Base */ = {isa = PBXFileReference; lastKnownFileType = file.storyboard; name = Base; path = Base.lproj/LaunchScreen.storyboard; sourceTree = "<group>"; };
		7B4831462AF3CEA8004E855D /* Info.plist */ = {isa = PBXFileReference; lastKnownFileType = text.plist.xml; path = Info.plist; sourceTree = "<group>"; };
		7B48314B2AF3CEA8004E855D /* MovieTests.xctest */ = {isa = PBXFileReference; explicitFileType = wrapper.cfbundle; includeInIndex = 0; path = MovieTests.xctest; sourceTree = BUILT_PRODUCTS_DIR; };
		7B48314F2AF3CEA8004E855D /* MovieTests.swift */ = {isa = PBXFileReference; lastKnownFileType = sourcecode.swift; path = MovieTests.swift; sourceTree = "<group>"; };
		7B4831552AF3CEA8004E855D /* MovieUITests.xctest */ = {isa = PBXFileReference; explicitFileType = wrapper.cfbundle; includeInIndex = 0; path = MovieUITests.xctest; sourceTree = BUILT_PRODUCTS_DIR; };
		7B4831592AF3CEA8004E855D /* MovieUITests.swift */ = {isa = PBXFileReference; lastKnownFileType = sourcecode.swift; path = MovieUITests.swift; sourceTree = "<group>"; };
		7B48315B2AF3CEA8004E855D /* MovieUITestsLaunchTests.swift */ = {isa = PBXFileReference; lastKnownFileType = sourcecode.swift; path = MovieUITestsLaunchTests.swift; sourceTree = "<group>"; };
		7B4831702AF3D79E004E855D /* MovieTopRatedCollectionViewCell.swift */ = {isa = PBXFileReference; lastKnownFileType = sourcecode.swift; path = MovieTopRatedCollectionViewCell.swift; sourceTree = "<group>"; };
		7B4831712AF3D79E004E855D /* MovieTopRatedCollectionViewCell.xib */ = {isa = PBXFileReference; lastKnownFileType = file.xib; path = MovieTopRatedCollectionViewCell.xib; sourceTree = "<group>"; };
		7B4831742AF3E495004E855D /* TopViewModel.swift */ = {isa = PBXFileReference; lastKnownFileType = sourcecode.swift; path = TopViewModel.swift; sourceTree = "<group>"; };
		7B4831772AF3E512004E855D /* NetworkManager.swift */ = {isa = PBXFileReference; lastKnownFileType = sourcecode.swift; path = NetworkManager.swift; sourceTree = "<group>"; };
		7B4831792AF3E614004E855D /* TopModel.swift */ = {isa = PBXFileReference; lastKnownFileType = sourcecode.swift; path = TopModel.swift; sourceTree = "<group>"; };
		7BC58A662B02CD0C0041F2E7 /* DetailVC.swift */ = {isa = PBXFileReference; lastKnownFileType = sourcecode.swift; path = DetailVC.swift; sourceTree = "<group>"; };
		84FAFDF04A3142361E391FE7 /* Pods-Movie.debug.xcconfig */ = {isa = PBXFileReference; includeInIndex = 1; lastKnownFileType = text.xcconfig; name = "Pods-Movie.debug.xcconfig"; path = "Target Support Files/Pods-Movie/Pods-Movie.debug.xcconfig"; sourceTree = "<group>"; };
		93B4458A5ED29B4A417017D8 /* Pods-Movie.release.xcconfig */ = {isa = PBXFileReference; includeInIndex = 1; lastKnownFileType = text.xcconfig; name = "Pods-Movie.release.xcconfig"; path = "Target Support Files/Pods-Movie/Pods-Movie.release.xcconfig"; sourceTree = "<group>"; };
/* End PBXFileReference section */

/* Begin PBXFrameworksBuildPhase section */
		7B48312F2AF3CEA5004E855D /* Frameworks */ = {
			isa = PBXFrameworksBuildPhase;
			buildActionMask = 2147483647;
			files = (
				12E864ABE44171F3232BED81 /* Pods_Movie.framework in Frameworks */,
			);
			runOnlyForDeploymentPostprocessing = 0;
		};
		7B4831482AF3CEA8004E855D /* Frameworks */ = {
			isa = PBXFrameworksBuildPhase;
			buildActionMask = 2147483647;
			files = (
			);
			runOnlyForDeploymentPostprocessing = 0;
		};
		7B4831522AF3CEA8004E855D /* Frameworks */ = {
			isa = PBXFrameworksBuildPhase;
			buildActionMask = 2147483647;
			files = (
			);
			runOnlyForDeploymentPostprocessing = 0;
		};
/* End PBXFrameworksBuildPhase section */

/* Begin PBXGroup section */
		79530FBDB1BF5F958A4929B2 /* Pods */ = {
			isa = PBXGroup;
			children = (
				84FAFDF04A3142361E391FE7 /* Pods-Movie.debug.xcconfig */,
				93B4458A5ED29B4A417017D8 /* Pods-Movie.release.xcconfig */,
			);
			path = Pods;
			sourceTree = "<group>";
		};
		7B1A58472B16925100244764 /* Storyboards */ = {
			isa = PBXGroup;
			children = (
				7B48313B2AF3CEA5004E855D /* Main.storyboard */,
				7B0CB4E12B08135B00AD082D /* Detail.storyboard */,
			);
			path = Storyboards;
			sourceTree = "<group>";
		};
		7B1A58492B16928300244764 /* Cell */ = {
			isa = PBXGroup;
			children = (
				7B4831702AF3D79E004E855D /* MovieTopRatedCollectionViewCell.swift */,
				7B4831712AF3D79E004E855D /* MovieTopRatedCollectionViewCell.xib */,
			);
			path = Cell;
			sourceTree = "<group>";
		};
		7B4831292AF3CEA5004E855D = {
			isa = PBXGroup;
			children = (
				7B4831342AF3CEA5004E855D /* Movie */,
				7B48314E2AF3CEA8004E855D /* MovieTests */,
				7B4831582AF3CEA8004E855D /* MovieUITests */,
				7B4831332AF3CEA5004E855D /* Products */,
				79530FBDB1BF5F958A4929B2 /* Pods */,
				8D29520EAE46DE008A767C44 /* Frameworks */,
			);
			sourceTree = "<group>";
		};
		7B4831332AF3CEA5004E855D /* Products */ = {
			isa = PBXGroup;
			children = (
				7B4831322AF3CEA5004E855D /* Movie.app */,
				7B48314B2AF3CEA8004E855D /* MovieTests.xctest */,
				7B4831552AF3CEA8004E855D /* MovieUITests.xctest */,
			);
			name = Products;
			sourceTree = "<group>";
		};
		7B4831342AF3CEA5004E855D /* Movie */ = {
			isa = PBXGroup;
			children = (
				7B1A58472B16925100244764 /* Storyboards */,
				7B48316F2AF3D398004E855D /* AppDelegate */,
				7B48316A2AF3D2B1004E855D /* Sources */,
				7B4831692AF3D22D004E855D /* Resources */,
				7B4831462AF3CEA8004E855D /* Info.plist */,
				7B48313E2AF3CEA5004E855D /* Movie.xcdatamodeld */,
			);
			path = Movie;
			sourceTree = "<group>";
		};
		7B48314E2AF3CEA8004E855D /* MovieTests */ = {
			isa = PBXGroup;
			children = (
				7B48314F2AF3CEA8004E855D /* MovieTests.swift */,
			);
			path = MovieTests;
			sourceTree = "<group>";
		};
		7B4831582AF3CEA8004E855D /* MovieUITests */ = {
			isa = PBXGroup;
			children = (
				7B4831592AF3CEA8004E855D /* MovieUITests.swift */,
				7B48315B2AF3CEA8004E855D /* MovieUITestsLaunchTests.swift */,
			);
			path = MovieUITests;
			sourceTree = "<group>";
		};
		7B4831692AF3D22D004E855D /* Resources */ = {
			isa = PBXGroup;
			children = (
				7B4831432AF3CEA8004E855D /* LaunchScreen.storyboard */,
				7B4831412AF3CEA8004E855D /* Assets.xcassets */,
			);
			path = Resources;
			sourceTree = "<group>";
		};
		7B48316A2AF3D2B1004E855D /* Sources */ = {
			isa = PBXGroup;
			children = (
				7B4831762AF3E4F5004E855D /* Managers */,
				7B48316E2AF3D33B004E855D /* Models */,
				7B48316D2AF3D32C004E855D /* ViewModels */,
				7B48316B2AF3D2D1004E855D /* Screens */,
			);
			path = Sources;
			sourceTree = "<group>";
		};
		7B48316B2AF3D2D1004E855D /* Screens */ = {
			isa = PBXGroup;
			children = (
				7B1A58492B16928300244764 /* Cell */,
				7B48316C2AF3D309004E855D /* MovieTopRatedList */,
			);
			path = Screens;
			sourceTree = "<group>";
		};
		7B48316C2AF3D309004E855D /* MovieTopRatedList */ = {
			isa = PBXGroup;
			children = (
				7B4831392AF3CEA5004E855D /* ViewController.swift */,
				7BC58A662B02CD0C0041F2E7 /* DetailVC.swift */,
			);
			path = MovieTopRatedList;
			sourceTree = "<group>";
		};
		7B48316D2AF3D32C004E855D /* ViewModels */ = {
			isa = PBXGroup;
			children = (
				7B4831742AF3E495004E855D /* TopViewModel.swift */,
			);
			path = ViewModels;
			sourceTree = "<group>";
		};
		7B48316E2AF3D33B004E855D /* Models */ = {
			isa = PBXGroup;
			children = (
				7B4831792AF3E614004E855D /* TopModel.swift */,
				7B1A58452B16906200244764 /* DetailTopModel.swift */,
			);
			path = Models;
			sourceTree = "<group>";
		};
		7B48316F2AF3D398004E855D /* AppDelegate */ = {
			isa = PBXGroup;
			children = (
				7B4831352AF3CEA5004E855D /* AppDelegate.swift */,
			);
			path = AppDelegate;
			sourceTree = "<group>";
		};
		7B4831762AF3E4F5004E855D /* Managers */ = {
			isa = PBXGroup;
			children = (
				7B4831772AF3E512004E855D /* NetworkManager.swift */,
			);
			path = Managers;
			sourceTree = "<group>";
		};
		8D29520EAE46DE008A767C44 /* Frameworks */ = {
			isa = PBXGroup;
			children = (
				070D052F43A36DC25B564E5F /* Pods_Movie.framework */,
			);
			name = Frameworks;
			sourceTree = "<group>";
		};
/* End PBXGroup section */

/* Begin PBXNativeTarget section */
		7B4831312AF3CEA5004E855D /* Movie */ = {
			isa = PBXNativeTarget;
			buildConfigurationList = 7B48315F2AF3CEA8004E855D /* Build configuration list for PBXNativeTarget "Movie" */;
			buildPhases = (
				397828843791CF51238F749C /* [CP] Check Pods Manifest.lock */,
				7B48312E2AF3CEA5004E855D /* Sources */,
				7B48312F2AF3CEA5004E855D /* Frameworks */,
				7B4831302AF3CEA5004E855D /* Resources */,
				1E6B121562BF931E2BACE53B /* [CP] Embed Pods Frameworks */,
			);
			buildRules = (
			);
			dependencies = (
			);
			name = Movie;
			productName = Movie;
			productReference = 7B4831322AF3CEA5004E855D /* Movie.app */;
			productType = "com.apple.product-type.application";
		};
		7B48314A2AF3CEA8004E855D /* MovieTests */ = {
			isa = PBXNativeTarget;
			buildConfigurationList = 7B4831622AF3CEA8004E855D /* Build configuration list for PBXNativeTarget "MovieTests" */;
			buildPhases = (
				7B4831472AF3CEA8004E855D /* Sources */,
				7B4831482AF3CEA8004E855D /* Frameworks */,
				7B4831492AF3CEA8004E855D /* Resources */,
			);
			buildRules = (
			);
			dependencies = (
				7B48314D2AF3CEA8004E855D /* PBXTargetDependency */,
			);
			name = MovieTests;
			productName = MovieTests;
			productReference = 7B48314B2AF3CEA8004E855D /* MovieTests.xctest */;
			productType = "com.apple.product-type.bundle.unit-test";
		};
		7B4831542AF3CEA8004E855D /* MovieUITests */ = {
			isa = PBXNativeTarget;
			buildConfigurationList = 7B4831652AF3CEA8004E855D /* Build configuration list for PBXNativeTarget "MovieUITests" */;
			buildPhases = (
				7B4831512AF3CEA8004E855D /* Sources */,
				7B4831522AF3CEA8004E855D /* Frameworks */,
				7B4831532AF3CEA8004E855D /* Resources */,
			);
			buildRules = (
			);
			dependencies = (
				7B4831572AF3CEA8004E855D /* PBXTargetDependency */,
			);
			name = MovieUITests;
			productName = MovieUITests;
			productReference = 7B4831552AF3CEA8004E855D /* MovieUITests.xctest */;
			productType = "com.apple.product-type.bundle.ui-testing";
		};
/* End PBXNativeTarget section */

/* Begin PBXProject section */
		7B48312A2AF3CEA5004E855D /* Project object */ = {
			isa = PBXProject;
			attributes = {
				BuildIndependentTargetsInParallel = 1;
				LastSwiftUpdateCheck = 1400;
				LastUpgradeCheck = 1400;
				TargetAttributes = {
					7B4831312AF3CEA5004E855D = {
						CreatedOnToolsVersion = 14.0.1;
					};
					7B48314A2AF3CEA8004E855D = {
						CreatedOnToolsVersion = 14.0.1;
						TestTargetID = 7B4831312AF3CEA5004E855D;
					};
					7B4831542AF3CEA8004E855D = {
						CreatedOnToolsVersion = 14.0.1;
						TestTargetID = 7B4831312AF3CEA5004E855D;
					};
				};
			};
			buildConfigurationList = 7B48312D2AF3CEA5004E855D /* Build configuration list for PBXProject "Movie" */;
			compatibilityVersion = "Xcode 14.0";
			developmentRegion = en;
			hasScannedForEncodings = 0;
			knownRegions = (
				en,
				Base,
			);
			mainGroup = 7B4831292AF3CEA5004E855D;
			productRefGroup = 7B4831332AF3CEA5004E855D /* Products */;
			projectDirPath = "";
			projectRoot = "";
			targets = (
				7B4831312AF3CEA5004E855D /* Movie */,
				7B48314A2AF3CEA8004E855D /* MovieTests */,
				7B4831542AF3CEA8004E855D /* MovieUITests */,
			);
		};
/* End PBXProject section */

/* Begin PBXResourcesBuildPhase section */
		7B4831302AF3CEA5004E855D /* Resources */ = {
			isa = PBXResourcesBuildPhase;
			buildActionMask = 2147483647;
			files = (
				7B4831452AF3CEA8004E855D /* LaunchScreen.storyboard in Resources */,
				7B4831422AF3CEA8004E855D /* Assets.xcassets in Resources */,
				7B4831732AF3D79E004E855D /* MovieTopRatedCollectionViewCell.xib in Resources */,
				7B0CB4E22B08135B00AD082D /* Detail.storyboard in Resources */,
				7B48313D2AF3CEA5004E855D /* Main.storyboard in Resources */,
			);
			runOnlyForDeploymentPostprocessing = 0;
		};
		7B4831492AF3CEA8004E855D /* Resources */ = {
			isa = PBXResourcesBuildPhase;
			buildActionMask = 2147483647;
			files = (
			);
			runOnlyForDeploymentPostprocessing = 0;
		};
		7B4831532AF3CEA8004E855D /* Resources */ = {
			isa = PBXResourcesBuildPhase;
			buildActionMask = 2147483647;
			files = (
			);
			runOnlyForDeploymentPostprocessing = 0;
		};
/* End PBXResourcesBuildPhase section */

/* Begin PBXShellScriptBuildPhase section */
		1E6B121562BF931E2BACE53B /* [CP] Embed Pods Frameworks */ = {
			isa = PBXShellScriptBuildPhase;
			buildActionMask = 2147483647;
			files = (
			);
			inputFileListPaths = (
				"${PODS_ROOT}/Target Support Files/Pods-Movie/Pods-Movie-frameworks-${CONFIGURATION}-input-files.xcfilelist",
			);
			name = "[CP] Embed Pods Frameworks";
			outputFileListPaths = (
				"${PODS_ROOT}/Target Support Files/Pods-Movie/Pods-Movie-frameworks-${CONFIGURATION}-output-files.xcfilelist",
			);
			runOnlyForDeploymentPostprocessing = 0;
			shellPath = /bin/sh;
			shellScript = "\"${PODS_ROOT}/Target Support Files/Pods-Movie/Pods-Movie-frameworks.sh\"\n";
			showEnvVarsInLog = 0;
		};
		397828843791CF51238F749C /* [CP] Check Pods Manifest.lock */ = {
			isa = PBXShellScriptBuildPhase;
			buildActionMask = 2147483647;
			files = (
			);
			inputFileListPaths = (
			);
			inputPaths = (
				"${PODS_PODFILE_DIR_PATH}/Podfile.lock",
				"${PODS_ROOT}/Manifest.lock",
			);
			name = "[CP] Check Pods Manifest.lock";
			outputFileListPaths = (
			);
			outputPaths = (
				"$(DERIVED_FILE_DIR)/Pods-Movie-checkManifestLockResult.txt",
			);
			runOnlyForDeploymentPostprocessing = 0;
			shellPath = /bin/sh;
			shellScript = "diff \"${PODS_PODFILE_DIR_PATH}/Podfile.lock\" \"${PODS_ROOT}/Manifest.lock\" > /dev/null\nif [ $? != 0 ] ; then\n    # print error to STDERR\n    echo \"error: The sandbox is not in sync with the Podfile.lock. Run 'pod install' or update your CocoaPods installation.\" >&2\n    exit 1\nfi\n# This output is used by Xcode 'outputs' to avoid re-running this script phase.\necho \"SUCCESS\" > \"${SCRIPT_OUTPUT_FILE_0}\"\n";
			showEnvVarsInLog = 0;
		};
/* End PBXShellScriptBuildPhase section */

/* Begin PBXSourcesBuildPhase section */
		7B48312E2AF3CEA5004E855D /* Sources */ = {
			isa = PBXSourcesBuildPhase;
			buildActionMask = 2147483647;
			files = (
				7B48313A2AF3CEA5004E855D /* ViewController.swift in Sources */,
				7B4831362AF3CEA5004E855D /* AppDelegate.swift in Sources */,
				7B4831402AF3CEA5004E855D /* Movie.xcdatamodeld in Sources */,
				7B4831782AF3E512004E855D /* NetworkManager.swift in Sources */,
				7B48317A2AF3E614004E855D /* TopModel.swift in Sources */,
				7BC58A672B02CD0D0041F2E7 /* DetailVC.swift in Sources */,
				7B1A58462B16906200244764 /* DetailTopModel.swift in Sources */,
				7B4831752AF3E495004E855D /* TopViewModel.swift in Sources */,
				7B4831722AF3D79E004E855D /* MovieTopRatedCollectionViewCell.swift in Sources */,
			);
			runOnlyForDeploymentPostprocessing = 0;
		};
		7B4831472AF3CEA8004E855D /* Sources */ = {
			isa = PBXSourcesBuildPhase;
			buildActionMask = 2147483647;
			files = (
				7B4831502AF3CEA8004E855D /* MovieTests.swift in Sources */,
			);
			runOnlyForDeploymentPostprocessing = 0;
		};
		7B4831512AF3CEA8004E855D /* Sources */ = {
			isa = PBXSourcesBuildPhase;
			buildActionMask = 2147483647;
			files = (
				7B48315A2AF3CEA8004E855D /* MovieUITests.swift in Sources */,
				7B48315C2AF3CEA8004E855D /* MovieUITestsLaunchTests.swift in Sources */,
			);
			runOnlyForDeploymentPostprocessing = 0;
		};
/* End PBXSourcesBuildPhase section */

/* Begin PBXTargetDependency section */
		7B48314D2AF3CEA8004E855D /* PBXTargetDependency */ = {
			isa = PBXTargetDependency;
			target = 7B4831312AF3CEA5004E855D /* Movie */;
			targetProxy = 7B48314C2AF3CEA8004E855D /* PBXContainerItemProxy */;
		};
		7B4831572AF3CEA8004E855D /* PBXTargetDependency */ = {
			isa = PBXTargetDependency;
			target = 7B4831312AF3CEA5004E855D /* Movie */;
			targetProxy = 7B4831562AF3CEA8004E855D /* PBXContainerItemProxy */;
		};
/* End PBXTargetDependency section */

/* Begin PBXVariantGroup section */
		7B48313B2AF3CEA5004E855D /* Main.storyboard */ = {
			isa = PBXVariantGroup;
			children = (
				7B48313C2AF3CEA5004E855D /* Base */,
			);
			name = Main.storyboard;
			sourceTree = "<group>";
		};
		7B4831432AF3CEA8004E855D /* LaunchScreen.storyboard */ = {
			isa = PBXVariantGroup;
			children = (
				7B4831442AF3CEA8004E855D /* Base */,
			);
			name = LaunchScreen.storyboard;
			sourceTree = "<group>";
		};
/* End PBXVariantGroup section */

/* Begin XCBuildConfiguration section */
		7B48315D2AF3CEA8004E855D /* Debug */ = {
			isa = XCBuildConfiguration;
			buildSettings = {
				ALWAYS_SEARCH_USER_PATHS = NO;
				CLANG_ANALYZER_NONNULL = YES;
				CLANG_ANALYZER_NUMBER_OBJECT_CONVERSION = YES_AGGRESSIVE;
				CLANG_CXX_LANGUAGE_STANDARD = "gnu++20";
				CLANG_ENABLE_MODULES = YES;
				CLANG_ENABLE_OBJC_ARC = YES;
				CLANG_ENABLE_OBJC_WEAK = YES;
				CLANG_WARN_BLOCK_CAPTURE_AUTORELEASING = YES;
				CLANG_WARN_BOOL_CONVERSION = YES;
				CLANG_WARN_COMMA = YES;
				CLANG_WARN_CONSTANT_CONVERSION = YES;
				CLANG_WARN_DEPRECATED_OBJC_IMPLEMENTATIONS = YES;
				CLANG_WARN_DIRECT_OBJC_ISA_USAGE = YES_ERROR;
				CLANG_WARN_DOCUMENTATION_COMMENTS = YES;
				CLANG_WARN_EMPTY_BODY = YES;
				CLANG_WARN_ENUM_CONVERSION = YES;
				CLANG_WARN_INFINITE_RECURSION = YES;
				CLANG_WARN_INT_CONVERSION = YES;
				CLANG_WARN_NON_LITERAL_NULL_CONVERSION = YES;
				CLANG_WARN_OBJC_IMPLICIT_RETAIN_SELF = YES;
				CLANG_WARN_OBJC_LITERAL_CONVERSION = YES;
				CLANG_WARN_OBJC_ROOT_CLASS = YES_ERROR;
				CLANG_WARN_QUOTED_INCLUDE_IN_FRAMEWORK_HEADER = YES;
				CLANG_WARN_RANGE_LOOP_ANALYSIS = YES;
				CLANG_WARN_STRICT_PROTOTYPES = YES;
				CLANG_WARN_SUSPICIOUS_MOVE = YES;
				CLANG_WARN_UNGUARDED_AVAILABILITY = YES_AGGRESSIVE;
				CLANG_WARN_UNREACHABLE_CODE = YES;
				CLANG_WARN__DUPLICATE_METHOD_MATCH = YES;
				COPY_PHASE_STRIP = NO;
				DEBUG_INFORMATION_FORMAT = dwarf;
				ENABLE_STRICT_OBJC_MSGSEND = YES;
				ENABLE_TESTABILITY = YES;
				GCC_C_LANGUAGE_STANDARD = gnu11;
				GCC_DYNAMIC_NO_PIC = NO;
				GCC_NO_COMMON_BLOCKS = YES;
				GCC_OPTIMIZATION_LEVEL = 0;
				GCC_PREPROCESSOR_DEFINITIONS = (
					"DEBUG=1",
					"$(inherited)",
				);
				GCC_WARN_64_TO_32_BIT_CONVERSION = YES;
				GCC_WARN_ABOUT_RETURN_TYPE = YES_ERROR;
				GCC_WARN_UNDECLARED_SELECTOR = YES;
				GCC_WARN_UNINITIALIZED_AUTOS = YES_AGGRESSIVE;
				GCC_WARN_UNUSED_FUNCTION = YES;
				GCC_WARN_UNUSED_VARIABLE = YES;
				IPHONEOS_DEPLOYMENT_TARGET = 16.0;
				MTL_ENABLE_DEBUG_INFO = INCLUDE_SOURCE;
				MTL_FAST_MATH = YES;
				ONLY_ACTIVE_ARCH = YES;
				SDKROOT = iphoneos;
				SWIFT_ACTIVE_COMPILATION_CONDITIONS = DEBUG;
				SWIFT_OPTIMIZATION_LEVEL = "-Onone";
			};
			name = Debug;
		};
		7B48315E2AF3CEA8004E855D /* Release */ = {
			isa = XCBuildConfiguration;
			buildSettings = {
				ALWAYS_SEARCH_USER_PATHS = NO;
				CLANG_ANALYZER_NONNULL = YES;
				CLANG_ANALYZER_NUMBER_OBJECT_CONVERSION = YES_AGGRESSIVE;
				CLANG_CXX_LANGUAGE_STANDARD = "gnu++20";
				CLANG_ENABLE_MODULES = YES;
				CLANG_ENABLE_OBJC_ARC = YES;
				CLANG_ENABLE_OBJC_WEAK = YES;
				CLANG_WARN_BLOCK_CAPTURE_AUTORELEASING = YES;
				CLANG_WARN_BOOL_CONVERSION = YES;
				CLANG_WARN_COMMA = YES;
				CLANG_WARN_CONSTANT_CONVERSION = YES;
				CLANG_WARN_DEPRECATED_OBJC_IMPLEMENTATIONS = YES;
				CLANG_WARN_DIRECT_OBJC_ISA_USAGE = YES_ERROR;
				CLANG_WARN_DOCUMENTATION_COMMENTS = YES;
				CLANG_WARN_EMPTY_BODY = YES;
				CLANG_WARN_ENUM_CONVERSION = YES;
				CLANG_WARN_INFINITE_RECURSION = YES;
				CLANG_WARN_INT_CONVERSION = YES;
				CLANG_WARN_NON_LITERAL_NULL_CONVERSION = YES;
				CLANG_WARN_OBJC_IMPLICIT_RETAIN_SELF = YES;
				CLANG_WARN_OBJC_LITERAL_CONVERSION = YES;
				CLANG_WARN_OBJC_ROOT_CLASS = YES_ERROR;
				CLANG_WARN_QUOTED_INCLUDE_IN_FRAMEWORK_HEADER = YES;
				CLANG_WARN_RANGE_LOOP_ANALYSIS = YES;
				CLANG_WARN_STRICT_PROTOTYPES = YES;
				CLANG_WARN_SUSPICIOUS_MOVE = YES;
				CLANG_WARN_UNGUARDED_AVAILABILITY = YES_AGGRESSIVE;
				CLANG_WARN_UNREACHABLE_CODE = YES;
				CLANG_WARN__DUPLICATE_METHOD_MATCH = YES;
				COPY_PHASE_STRIP = NO;
				DEBUG_INFORMATION_FORMAT = "dwarf-with-dsym";
				ENABLE_NS_ASSERTIONS = NO;
				ENABLE_STRICT_OBJC_MSGSEND = YES;
				GCC_C_LANGUAGE_STANDARD = gnu11;
				GCC_NO_COMMON_BLOCKS = YES;
				GCC_WARN_64_TO_32_BIT_CONVERSION = YES;
				GCC_WARN_ABOUT_RETURN_TYPE = YES_ERROR;
				GCC_WARN_UNDECLARED_SELECTOR = YES;
				GCC_WARN_UNINITIALIZED_AUTOS = YES_AGGRESSIVE;
				GCC_WARN_UNUSED_FUNCTION = YES;
				GCC_WARN_UNUSED_VARIABLE = YES;
				IPHONEOS_DEPLOYMENT_TARGET = 16.0;
				MTL_ENABLE_DEBUG_INFO = NO;
				MTL_FAST_MATH = YES;
				SDKROOT = iphoneos;
				SWIFT_COMPILATION_MODE = wholemodule;
				SWIFT_OPTIMIZATION_LEVEL = "-O";
				VALIDATE_PRODUCT = YES;
			};
			name = Release;
		};
		7B4831602AF3CEA8004E855D /* Debug */ = {
			isa = XCBuildConfiguration;
			baseConfigurationReference = 84FAFDF04A3142361E391FE7 /* Pods-Movie.debug.xcconfig */;
			buildSettings = {
				ASSETCATALOG_COMPILER_APPICON_NAME = AppIcon;
				ASSETCATALOG_COMPILER_GLOBAL_ACCENT_COLOR_NAME = AccentColor;
				CODE_SIGN_STYLE = Automatic;
				CURRENT_PROJECT_VERSION = 1;
				DEVELOPMENT_TEAM = QZ24H8XDF7;
				GENERATE_INFOPLIST_FILE = YES;
				INFOPLIST_FILE = Movie/Info.plist;
				INFOPLIST_KEY_UIApplicationSupportsIndirectInputEvents = YES;
				INFOPLIST_KEY_UILaunchStoryboardName = LaunchScreen;
				INFOPLIST_KEY_UIMainStoryboardFile = Main;
				INFOPLIST_KEY_UISupportedInterfaceOrientations_iPad = "UIInterfaceOrientationPortrait UIInterfaceOrientationPortraitUpsideDown UIInterfaceOrientationLandscapeLeft UIInterfaceOrientationLandscapeRight";
				INFOPLIST_KEY_UISupportedInterfaceOrientations_iPhone = "UIInterfaceOrientationPortrait UIInterfaceOrientationLandscapeLeft UIInterfaceOrientationLandscapeRight";
				LD_RUNPATH_SEARCH_PATHS = (
					"$(inherited)",
					"@executable_path/Frameworks",
				);
				MARKETING_VERSION = 1.0;
				PRODUCT_BUNDLE_IDENTIFIER = com.ezgiturgut.Movie;
				PRODUCT_NAME = "$(TARGET_NAME)";
				SWIFT_EMIT_LOC_STRINGS = YES;
				SWIFT_VERSION = 5.0;
				TARGETED_DEVICE_FAMILY = "1,2";
			};
			name = Debug;
		};
		7B4831612AF3CEA8004E855D /* Release */ = {
			isa = XCBuildConfiguration;
			baseConfigurationReference = 93B4458A5ED29B4A417017D8 /* Pods-Movie.release.xcconfig */;
			buildSettings = {
				ASSETCATALOG_COMPILER_APPICON_NAME = AppIcon;
				ASSETCATALOG_COMPILER_GLOBAL_ACCENT_COLOR_NAME = AccentColor;
				CODE_SIGN_STYLE = Automatic;
				CURRENT_PROJECT_VERSION = 1;
				DEVELOPMENT_TEAM = QZ24H8XDF7;
				GENERATE_INFOPLIST_FILE = YES;
				INFOPLIST_FILE = Movie/Info.plist;
				INFOPLIST_KEY_UIApplicationSupportsIndirectInputEvents = YES;
				INFOPLIST_KEY_UILaunchStoryboardName = LaunchScreen;
				INFOPLIST_KEY_UIMainStoryboardFile = Main;
				INFOPLIST_KEY_UISupportedInterfaceOrientations_iPad = "UIInterfaceOrientationPortrait UIInterfaceOrientationPortraitUpsideDown UIInterfaceOrientationLandscapeLeft UIInterfaceOrientationLandscapeRight";
				INFOPLIST_KEY_UISupportedInterfaceOrientations_iPhone = "UIInterfaceOrientationPortrait UIInterfaceOrientationLandscapeLeft UIInterfaceOrientationLandscapeRight";
				LD_RUNPATH_SEARCH_PATHS = (
					"$(inherited)",
					"@executable_path/Frameworks",
				);
				MARKETING_VERSION = 1.0;
				PRODUCT_BUNDLE_IDENTIFIER = com.ezgiturgut.Movie;
				PRODUCT_NAME = "$(TARGET_NAME)";
				SWIFT_EMIT_LOC_STRINGS = YES;
				SWIFT_VERSION = 5.0;
				TARGETED_DEVICE_FAMILY = "1,2";
			};
			name = Release;
		};
		7B4831632AF3CEA8004E855D /* Debug */ = {
			isa = XCBuildConfiguration;
			buildSettings = {
				ALWAYS_EMBED_SWIFT_STANDARD_LIBRARIES = YES;
				BUNDLE_LOADER = "$(TEST_HOST)";
				CODE_SIGN_STYLE = Automatic;
				CURRENT_PROJECT_VERSION = 1;
				DEVELOPMENT_TEAM = QZ24H8XDF7;
				GENERATE_INFOPLIST_FILE = YES;
				IPHONEOS_DEPLOYMENT_TARGET = 16.0;
				MARKETING_VERSION = 1.0;
				PRODUCT_BUNDLE_IDENTIFIER = com.ezgiturgut.MovieTests;
				PRODUCT_NAME = "$(TARGET_NAME)";
				SWIFT_EMIT_LOC_STRINGS = NO;
				SWIFT_VERSION = 5.0;
				TARGETED_DEVICE_FAMILY = "1,2";
				TEST_HOST = "$(BUILT_PRODUCTS_DIR)/Movie.app/$(BUNDLE_EXECUTABLE_FOLDER_PATH)/Movie";
			};
			name = Debug;
		};
		7B4831642AF3CEA8004E855D /* Release */ = {
			isa = XCBuildConfiguration;
			buildSettings = {
				ALWAYS_EMBED_SWIFT_STANDARD_LIBRARIES = YES;
				BUNDLE_LOADER = "$(TEST_HOST)";
				CODE_SIGN_STYLE = Automatic;
				CURRENT_PROJECT_VERSION = 1;
				DEVELOPMENT_TEAM = QZ24H8XDF7;
				GENERATE_INFOPLIST_FILE = YES;
				IPHONEOS_DEPLOYMENT_TARGET = 16.0;
				MARKETING_VERSION = 1.0;
				PRODUCT_BUNDLE_IDENTIFIER = com.ezgiturgut.MovieTests;
				PRODUCT_NAME = "$(TARGET_NAME)";
				SWIFT_EMIT_LOC_STRINGS = NO;
				SWIFT_VERSION = 5.0;
				TARGETED_DEVICE_FAMILY = "1,2";
				TEST_HOST = "$(BUILT_PRODUCTS_DIR)/Movie.app/$(BUNDLE_EXECUTABLE_FOLDER_PATH)/Movie";
			};
			name = Release;
		};
		7B4831662AF3CEA8004E855D /* Debug */ = {
			isa = XCBuildConfiguration;
			buildSettings = {
				ALWAYS_EMBED_SWIFT_STANDARD_LIBRARIES = YES;
				CODE_SIGN_STYLE = Automatic;
				CURRENT_PROJECT_VERSION = 1;
				DEVELOPMENT_TEAM = QZ24H8XDF7;
				GENERATE_INFOPLIST_FILE = YES;
				MARKETING_VERSION = 1.0;
				PRODUCT_BUNDLE_IDENTIFIER = com.ezgiturgut.MovieUITests;
				PRODUCT_NAME = "$(TARGET_NAME)";
				SWIFT_EMIT_LOC_STRINGS = NO;
				SWIFT_VERSION = 5.0;
				TARGETED_DEVICE_FAMILY = "1,2";
				TEST_TARGET_NAME = Movie;
			};
			name = Debug;
		};
		7B4831672AF3CEA8004E855D /* Release */ = {
			isa = XCBuildConfiguration;
			buildSettings = {
				ALWAYS_EMBED_SWIFT_STANDARD_LIBRARIES = YES;
				CODE_SIGN_STYLE = Automatic;
				CURRENT_PROJECT_VERSION = 1;
				DEVELOPMENT_TEAM = QZ24H8XDF7;
				GENERATE_INFOPLIST_FILE = YES;
				MARKETING_VERSION = 1.0;
				PRODUCT_BUNDLE_IDENTIFIER = com.ezgiturgut.MovieUITests;
				PRODUCT_NAME = "$(TARGET_NAME)";
				SWIFT_EMIT_LOC_STRINGS = NO;
				SWIFT_VERSION = 5.0;
				TARGETED_DEVICE_FAMILY = "1,2";
				TEST_TARGET_NAME = Movie;
			};
			name = Release;
		};
/* End XCBuildConfiguration section */

/* Begin XCConfigurationList section */
		7B48312D2AF3CEA5004E855D /* Build configuration list for PBXProject "Movie" */ = {
			isa = XCConfigurationList;
			buildConfigurations = (
				7B48315D2AF3CEA8004E855D /* Debug */,
				7B48315E2AF3CEA8004E855D /* Release */,
			);
			defaultConfigurationIsVisible = 0;
			defaultConfigurationName = Release;
		};
		7B48315F2AF3CEA8004E855D /* Build configuration list for PBXNativeTarget "Movie" */ = {
			isa = XCConfigurationList;
			buildConfigurations = (
				7B4831602AF3CEA8004E855D /* Debug */,
				7B4831612AF3CEA8004E855D /* Release */,
			);
			defaultConfigurationIsVisible = 0;
			defaultConfigurationName = Release;
		};
		7B4831622AF3CEA8004E855D /* Build configuration list for PBXNativeTarget "MovieTests" */ = {
			isa = XCConfigurationList;
			buildConfigurations = (
				7B4831632AF3CEA8004E855D /* Debug */,
				7B4831642AF3CEA8004E855D /* Release */,
			);
			defaultConfigurationIsVisible = 0;
			defaultConfigurationName = Release;
		};
		7B4831652AF3CEA8004E855D /* Build configuration list for PBXNativeTarget "MovieUITests" */ = {
			isa = XCConfigurationList;
			buildConfigurations = (
				7B4831662AF3CEA8004E855D /* Debug */,
				7B4831672AF3CEA8004E855D /* Release */,
			);
			defaultConfigurationIsVisible = 0;
			defaultConfigurationName = Release;
		};
/* End XCConfigurationList section */

/* Begin XCVersionGroup section */
		7B48313E2AF3CEA5004E855D /* Movie.xcdatamodeld */ = {
			isa = XCVersionGroup;
			children = (
				7B48313F2AF3CEA5004E855D /* Movie.xcdatamodel */,
			);
			currentVersion = 7B48313F2AF3CEA5004E855D /* Movie.xcdatamodel */;
			path = Movie.xcdatamodeld;
			sourceTree = "<group>";
			versionGroupType = wrapper.xcdatamodel;
		};
/* End XCVersionGroup section */
	};
	rootObject = 7B48312A2AF3CEA5004E855D /* Project object */;
}
